
Microsoft Visual Studio Solution File, Format Version 12.00
# Visual Studio 15
VisualStudioVersion = 15.0.26730.15
MinimumVisualStudioVersion = 10.0.40219.1
Project("{9A19103F-16F7-4668-BE54-9A1E7A4F7556}") = "DesignPage5", "DesignPage5\DesignPage5.csproj", "{20C01EF4-B1E9-4351-BCD8-53C236C20837}"
EndProject
Project("{9A19103F-16F7-4668-BE54-9A1E7A4F7556}") = "MVCTest", "MVCTest\MVCTest.csproj", "{ADEF6612-D645-499D-BEC1-97808C8F8721}"
EndProject
Project("{FAE04EC0-301F-11D3-BF4B-00C04F79EFBC}") = "AccnPass", "AccnPass\AccnPass.csproj", "{4C92FCCC-04FC-4497-8440-D66A7B12E019}"
EndProject
Global
	GlobalSection(SolutionConfigurationPlatforms) = preSolution
		Debug|Any CPU = Debug|Any CPU
		Release|Any CPU = Release|Any CPU
	EndGlobalSection
	GlobalSection(ProjectConfigurationPlatforms) = postSolution
		{20C01EF4-B1E9-4351-BCD8-53C236C20837}.Debug|Any CPU.ActiveCfg = Debug|Any CPU
		{20C01EF4-B1E9-4351-BCD8-53C236C20837}.Debug|Any CPU.Build.0 = Debug|Any CPU
		{20C01EF4-B1E9-4351-BCD8-53C236C20837}.Release|Any CPU.ActiveCfg = Release|Any CPU
		{20C01EF4-B1E9-4351-BCD8-53C236C20837}.Release|Any CPU.Build.0 = Release|Any CPU
		{ADEF6612-D645-499D-BEC1-97808C8F8721}.Debug|Any CPU.ActiveCfg = Debug|Any CPU
		{ADEF6612-D645-499D-BEC1-97808C8F8721}.Debug|Any CPU.Build.0 = Debug|Any CPU
		{ADEF6612-D645-499D-BEC1-97808C8F8721}.Release|Any CPU.ActiveCfg = Release|Any CPU
		{ADEF6612-D645-499D-BEC1-97808C8F8721}.Release|Any CPU.Build.0 = Release|Any CPU
		{4C92FCCC-04FC-4497-8440-D66A7B12E019}.Debug|Any CPU.ActiveCfg = Debug|Any CPU
		{4C92FCCC-04FC-4497-8440-D66A7B12E019}.Debug|Any CPU.Build.0 = Debug|Any CPU
		{4C92FCCC-04FC-4497-8440-D66A7B12E019}.Release|Any CPU.ActiveCfg = Release|Any CPU
		{4C92FCCC-04FC-4497-8440-D66A7B12E019}.Release|Any CPU.Build.0 = Release|Any CPU
	EndGlobalSection
	GlobalSection(SolutionProperties) = preSolution
		HideSolutionNode = FALSE
	EndGlobalSection
	GlobalSection(ExtensibilityGlobals) = postSolution
		SolutionGuid = {3137B6E0-5A5A-4A12-B5E5-A5C567BBEA11}
	EndGlobalSection
EndGlobal
